
Microsoft Visual Studio Solution File, Format Version 12.00
# Visual Studio Version 16
VisualStudioVersion = 16.0.31105.61
MinimumVisualStudioVersion = 10.0.40219.1
Project("{FAE04EC0-301F-11D3-BF4B-00C04F79EFBC}") = "hello world", "hello world\hello world.csproj", "{2BCE9CAA-4ECD-4BDC-A2F4-EEEBB759394F}"
EndProject
Global
	GlobalSection(SolutionConfigurationPlatforms) = preSolution
		Debug|Any CPU = Debug|Any CPU
		Release|Any CPU = Release|Any CPU
	EndGlobalSection
	GlobalSection(ProjectConfigurationPlatforms) = postSolution
		{2BCE9CAA-4ECD-4BDC-A2F4-EEEBB759394F}.Debug|Any CPU.ActiveCfg = Debug|Any CPU
		{2BCE9CAA-4ECD-4BDC-A2F4-EEEBB759394F}.Debug|Any CPU.Build.0 = Debug|Any CPU
		{2BCE9CAA-4ECD-4BDC-A2F4-EEEBB759394F}.Release|Any CPU.ActiveCfg = Release|Any CPU
		{2BCE9CAA-4ECD-4BDC-A2F4-EEEBB759394F}.Release|Any CPU.Build.0 = Release|Any CPU
	EndGlobalSection
	GlobalSection(SolutionProperties) = preSolution
		HideSolutionNode = FALSE
	EndGlobalSection
	GlobalSection(ExtensibilityGlobals) = postSolution
		SolutionGuid = {C8FB75E1-E62F-4D8F-AB4B-218AC61292A8}
	EndGlobalSection
EndGlobal
